dependencies:
  idf:
    source:
      type: idf
    version: 5.4.4
  joltwallet/littlefs:
    component_hash: 3af20a3d75c49db9dc2286fd50862c34055c9f578419ad1f2bf7ed3ed01391fe
    dependencies:
    - name: idf
      require: private
      version: '>=5.0'
    source:
      registry_url: https://components.espressif.com/
      type: service
    version: 1.22.3
direct_dependencies:
- joltwallet/littlefs
manifest_hash: 4e5749e1bf285f3512f637f82fc5622cbeba21f076eb139282f34427e924b7c0
target: esp32s3
version: 2.0.0
